
Microsoft Visual Studio Solution File, Format Version 11.00
# Visual Studio 2010
Project("{FAE04EC0-301F-11D3-BF4B-00C04F79EFBC}") = "Assembly-CSharp", "Assembly-CSharp.csproj", "{5E5D69FB-6B28-1A44-BF4B-2849E2B528FD}"
EndProject
Project("{FAE04EC0-301F-11D3-BF4B-00C04F79EFBC}") = "Assembly-CSharp-Editor", "Assembly-CSharp-Editor.csproj", "{D4A5F881-47BF-FA44-F731-08178D84D250}"
EndProject
Global
	GlobalSection(SolutionConfigurationPlatforms) = preSolution
		Debug|Any CPU = Debug|Any CPU
		Release|Any CPU = Release|Any CPU
	EndGlobalSection
	GlobalSection(ProjectConfigurationPlatforms) = postSolution
		{5E5D69FB-6B28-1A44-BF4B-2849E2B528FD}.Debug|Any CPU.ActiveCfg = Debug|Any CPU
		{5E5D69FB-6B28-1A44-BF4B-2849E2B528FD}.Debug|Any CPU.Build.0 = Debug|Any CPU
		{5E5D69FB-6B28-1A44-BF4B-2849E2B528FD}.Release|Any CPU.ActiveCfg = Release|Any CPU
		{5E5D69FB-6B28-1A44-BF4B-2849E2B528FD}.Release|Any CPU.Build.0 = Release|Any CPU
		{D4A5F881-47BF-FA44-F731-08178D84D250}.Debug|Any CPU.ActiveCfg = Debug|Any CPU
		{D4A5F881-47BF-FA44-F731-08178D84D250}.Debug|Any CPU.Build.0 = Debug|Any CPU
		{D4A5F881-47BF-FA44-F731-08178D84D250}.Release|Any CPU.ActiveCfg = Release|Any CPU
		{D4A5F881-47BF-FA44-F731-08178D84D250}.Release|Any CPU.Build.0 = Release|Any CPU
	EndGlobalSection
	GlobalSection(SolutionProperties) = preSolution
		HideSolutionNode = FALSE
	EndGlobalSection
	GlobalSection(MonoDevelopProperties) = preSolution
		StartupItem = Assembly-CSharp.csproj
	EndGlobalSection
EndGlobal
